
Microsoft Visual Studio Solution File, Format Version 12.00
# Visual Studio 15
Project("{FAE04EC0-301F-11D3-BF4B-00C04F79EFBC}") = "Assembly-CSharp", "Assembly-CSharp.csproj", "{B2FA661A-7226-B074-76EC-E0A044164D33}"
EndProject
Project("{FAE04EC0-301F-11D3-BF4B-00C04F79EFBC}") = "Assembly-CSharp-Editor", "Assembly-CSharp-Editor.csproj", "{BA677EB5-4F62-67D4-2484-B1C7FF30AFF0}"
EndProject
Global
	GlobalSection(SolutionConfigurationPlatforms) = preSolution
		Debug|Any CPU = Debug|Any CPU
		Release|Any CPU = Release|Any CPU
	EndGlobalSection
	GlobalSection(ProjectConfigurationPlatforms) = postSolution
		{B2FA661A-7226-B074-76EC-E0A044164D33}.Debug|Any CPU.ActiveCfg = Debug|Any CPU
		{B2FA661A-7226-B074-76EC-E0A044164D33}.Debug|Any CPU.Build.0 = Debug|Any CPU
		{B2FA661A-7226-B074-76EC-E0A044164D33}.Release|Any CPU.ActiveCfg = Release|Any CPU
		{B2FA661A-7226-B074-76EC-E0A044164D33}.Release|Any CPU.Build.0 = Release|Any CPU
		{BA677EB5-4F62-67D4-2484-B1C7FF30AFF0}.Debug|Any CPU.ActiveCfg = Debug|Any CPU
		{BA677EB5-4F62-67D4-2484-B1C7FF30AFF0}.Debug|Any CPU.Build.0 = Debug|Any CPU
		{BA677EB5-4F62-67D4-2484-B1C7FF30AFF0}.Release|Any CPU.ActiveCfg = Release|Any CPU
		{BA677EB5-4F62-67D4-2484-B1C7FF30AFF0}.Release|Any CPU.Build.0 = Release|Any CPU
	EndGlobalSection
	GlobalSection(SolutionProperties) = preSolution
		HideSolutionNode = FALSE
	EndGlobalSection
EndGlobal
